
Microsoft Visual Studio Solution File, Format Version 12.00
# Visual Studio 15
VisualStudioVersion = 15.0.27703.2026
MinimumVisualStudioVersion = 10.0.40219.1
Project("{FAE04EC0-301F-11D3-BF4B-00C04F79EFBC}") = "Race", "Race\Race.csproj", "{2DF0E6EE-A3AF-4E12-B0C4-51D19A015B21}"
EndProject
Project("{FAE04EC0-301F-11D3-BF4B-00C04F79EFBC}") = "RaceTests", "RaceTests\RaceTests.csproj", "{D9CA88EA-E8C8-4F56-9E86-28E5E1FB4FBB}"
EndProject
Global
	GlobalSection(SolutionConfigurationPlatforms) = preSolution
		Debug|Any CPU = Debug|Any CPU
		Release|Any CPU = Release|Any CPU
	EndGlobalSection
	GlobalSection(ProjectConfigurationPlatforms) = postSolution
		{2DF0E6EE-A3AF-4E12-B0C4-51D19A015B21}.Debug|Any CPU.ActiveCfg = Debug|Any CPU
		{2DF0E6EE-A3AF-4E12-B0C4-51D19A015B21}.Debug|Any CPU.Build.0 = Debug|Any CPU
		{2DF0E6EE-A3AF-4E12-B0C4-51D19A015B21}.Release|Any CPU.ActiveCfg = Release|Any CPU
		{2DF0E6EE-A3AF-4E12-B0C4-51D19A015B21}.Release|Any CPU.Build.0 = Release|Any CPU
		{D9CA88EA-E8C8-4F56-9E86-28E5E1FB4FBB}.Debug|Any CPU.ActiveCfg = Debug|Any CPU
		{D9CA88EA-E8C8-4F56-9E86-28E5E1FB4FBB}.Debug|Any CPU.Build.0 = Debug|Any CPU
		{D9CA88EA-E8C8-4F56-9E86-28E5E1FB4FBB}.Release|Any CPU.ActiveCfg = Release|Any CPU
		{D9CA88EA-E8C8-4F56-9E86-28E5E1FB4FBB}.Release|Any CPU.Build.0 = Release|Any CPU
	EndGlobalSection
	GlobalSection(SolutionProperties) = preSolution
		HideSolutionNode = FALSE
	EndGlobalSection
	GlobalSection(ExtensibilityGlobals) = postSolution
		SolutionGuid = {8211AAFD-72A7-4D73-8B63-C485DDE78D80}
	EndGlobalSection
EndGlobal
